// !$*UTF8*$!
{
	archiveVersion = 1;
	classes = {
	};
	objectVersion = 56;
	objects = {

/* Begin PBXBuildFile section */
		EAB102612A8D882C002E4425 /* VirtusaWeatherApp.swift in Sources */ = {isa = PBXBuildFile; fileRef = EAB102602A8D882C002E4425 /* VirtusaWeatherApp.swift */; };
		EAB102652A8D882C002E4425 /* Assets.xcassets in Resources */ = {isa = PBXBuildFile; fileRef = EAB102642A8D882C002E4425 /* Assets.xcassets */; };
		EAB102682A8D882C002E4425 /* Preview Assets.xcassets in Resources */ = {isa = PBXBuildFile; fileRef = EAB102672A8D882C002E4425 /* Preview Assets.xcassets */; };
		EAB102712A8D8874002E4425 /* WeatherView.swift in Sources */ = {isa = PBXBuildFile; fileRef = EAB102702A8D8874002E4425 /* WeatherView.swift */; };
		EAB102762A8D8A80002E4425 /* WeatherViewModel.swift in Sources */ = {isa = PBXBuildFile; fileRef = EAB102752A8D8A80002E4425 /* WeatherViewModel.swift */; };
		EAB102792A8D8A98002E4425 /* Repository.swift in Sources */ = {isa = PBXBuildFile; fileRef = EAB102782A8D8A98002E4425 /* Repository.swift */; };
		EAB1027C2A8D8B19002E4425 /* EndPoints.swift in Sources */ = {isa = PBXBuildFile; fileRef = EAB1027B2A8D8B19002E4425 /* EndPoints.swift */; };
		EAB1027E2A8D8D46002E4425 /* WeatherResponse.swift in Sources */ = {isa = PBXBuildFile; fileRef = EAB1027D2A8D8D46002E4425 /* WeatherResponse.swift */; };
		EAB102802A8D92D4002E4425 /* RepositoryMock.swift in Sources */ = {isa = PBXBuildFile; fileRef = EAB1027F2A8D92D4002E4425 /* RepositoryMock.swift */; };
		EAB102842A8D93E7002E4425 /* WeatherResponse.json in Resources */ = {isa = PBXBuildFile; fileRef = EAB102832A8D93E7002E4425 /* WeatherResponse.json */; };
		EAB102862A8D9872002E4425 /* WeatherRowViewModel.swift in Sources */ = {isa = PBXBuildFile; fileRef = EAB102852A8D9872002E4425 /* WeatherRowViewModel.swift */; };
		EAB102882A8DC726002E4425 /* Int+Extensions.swift in Sources */ = {isa = PBXBuildFile; fileRef = EAB102872A8DC726002E4425 /* Int+Extensions.swift */; };
		EAB1028A2A8DCBBF002E4425 /* WeatherDataViewModel.swift in Sources */ = {isa = PBXBuildFile; fileRef = EAB102892A8DCBBF002E4425 /* WeatherDataViewModel.swift */; };
/* End PBXBuildFile section */

/* Begin PBXFileReference section */
		EAB1025D2A8D882C002E4425 /* VirtusaWeather.app */ = {isa = PBXFileReference; explicitFileType = wrapper.application; includeInIndex = 0; path = VirtusaWeather.app; sourceTree = BUILT_PRODUCTS_DIR; };
		EAB102602A8D882C002E4425 /* VirtusaWeatherApp.swift */ = {isa = PBXFileReference; lastKnownFileType = sourcecode.swift; path = VirtusaWeatherApp.swift; sourceTree = "<group>"; };
		EAB102642A8D882C002E4425 /* Assets.xcassets */ = {isa = PBXFileReference; lastKnownFileType = folder.assetcatalog; path = Assets.xcassets; sourceTree = "<group>"; };
		EAB102672A8D882C002E4425 /* Preview Assets.xcassets */ = {isa = PBXFileReference; lastKnownFileType = folder.assetcatalog; path = "Preview Assets.xcassets"; sourceTree = "<group>"; };
		EAB102702A8D8874002E4425 /* WeatherView.swift */ = {isa = PBXFileReference; lastKnownFileType = sourcecode.swift; path = WeatherView.swift; sourceTree = "<group>"; };
		EAB102752A8D8A80002E4425 /* WeatherViewModel.swift */ = {isa = PBXFileReference; lastKnownFileType = sourcecode.swift; path = WeatherViewModel.swift; sourceTree = "<group>"; };
		EAB102782A8D8A98002E4425 /* Repository.swift */ = {isa = PBXFileReference; lastKnownFileType = sourcecode.swift; path = Repository.swift; sourceTree = "<group>"; };
		EAB1027B2A8D8B19002E4425 /* EndPoints.swift */ = {isa = PBXFileReference; lastKnownFileType = sourcecode.swift; path = EndPoints.swift; sourceTree = "<group>"; };
		EAB1027D2A8D8D46002E4425 /* WeatherResponse.swift */ = {isa = PBXFileReference; lastKnownFileType = sourcecode.swift; path = WeatherResponse.swift; sourceTree = "<group>"; };
		EAB1027F2A8D92D4002E4425 /* RepositoryMock.swift */ = {isa = PBXFileReference; lastKnownFileType = sourcecode.swift; path = RepositoryMock.swift; sourceTree = "<group>"; };
		EAB102832A8D93E7002E4425 /* WeatherResponse.json */ = {isa = PBXFileReference; lastKnownFileType = text.json; path = WeatherResponse.json; sourceTree = "<group>"; };
		EAB102852A8D9872002E4425 /* WeatherRowViewModel.swift */ = {isa = PBXFileReference; lastKnownFileType = sourcecode.swift; path = WeatherRowViewModel.swift; sourceTree = "<group>"; };
		EAB102872A8DC726002E4425 /* Int+Extensions.swift */ = {isa = PBXFileReference; lastKnownFileType = sourcecode.swift; path = "Int+Extensions.swift"; sourceTree = "<group>"; };
		EAB102892A8DCBBF002E4425 /* WeatherDataViewModel.swift */ = {isa = PBXFileReference; lastKnownFileType = sourcecode.swift; path = WeatherDataViewModel.swift; sourceTree = "<group>"; };
/* End PBXFileReference section */

/* Begin PBXFrameworksBuildPhase section */
		EAB1025A2A8D882C002E4425 /* Frameworks */ = {
			isa = PBXFrameworksBuildPhase;
			buildActionMask = 2147483647;
			files = (
			);
			runOnlyForDeploymentPostprocessing = 0;
		};
/* End PBXFrameworksBuildPhase section */

/* Begin PBXGroup section */
		EAB102542A8D882C002E4425 = {
			isa = PBXGroup;
			children = (
				EAB1025F2A8D882C002E4425 /* VirtusaWeather */,
				EAB1025E2A8D882C002E4425 /* Products */,
			);
			sourceTree = "<group>";
		};
		EAB1025E2A8D882C002E4425 /* Products */ = {
			isa = PBXGroup;
			children = (
				EAB1025D2A8D882C002E4425 /* VirtusaWeather.app */,
			);
			name = Products;
			sourceTree = "<group>";
		};
		EAB1025F2A8D882C002E4425 /* VirtusaWeather */ = {
			isa = PBXGroup;
			children = (
				EAB1027A2A8D8B0C002E4425 /* Utils */,
				EAB102772A8D8A89002E4425 /* Repository */,
				EAB1026F2A8D8865002E4425 /* WeatherView */,
				EAB1026E2A8D8851002E4425 /* SupportingFiles */,
				EAB102662A8D882C002E4425 /* Preview Content */,
			);
			path = VirtusaWeather;
			sourceTree = "<group>";
		};
		EAB102662A8D882C002E4425 /* Preview Content */ = {
			isa = PBXGroup;
			children = (
				EAB102672A8D882C002E4425 /* Preview Assets.xcassets */,
			);
			path = "Preview Content";
			sourceTree = "<group>";
		};
		EAB1026E2A8D8851002E4425 /* SupportingFiles */ = {
			isa = PBXGroup;
			children = (
				EAB102642A8D882C002E4425 /* Assets.xcassets */,
				EAB102602A8D882C002E4425 /* VirtusaWeatherApp.swift */,
			);
			path = SupportingFiles;
			sourceTree = "<group>";
		};
		EAB1026F2A8D8865002E4425 /* WeatherView */ = {
			isa = PBXGroup;
			children = (
				EAB102742A8D8A57002E4425 /* Model */,
				EAB102732A8D8A51002E4425 /* ViewModel */,
				EAB102722A8D8A4B002E4425 /* View */,
			);
			path = WeatherView;
			sourceTree = "<group>";
		};
		EAB102722A8D8A4B002E4425 /* View */ = {
			isa = PBXGroup;
			children = (
				EAB102702A8D8874002E4425 /* WeatherView.swift */,
			);
			path = View;
			sourceTree = "<group>";
		};
		EAB102732A8D8A51002E4425 /* ViewModel */ = {
			isa = PBXGroup;
			children = (
				EAB102752A8D8A80002E4425 /* WeatherViewModel.swift */,
				EAB102852A8D9872002E4425 /* WeatherRowViewModel.swift */,
				EAB102892A8DCBBF002E4425 /* WeatherDataViewModel.swift */,
			);
			path = ViewModel;
			sourceTree = "<group>";
		};
		EAB102742A8D8A57002E4425 /* Model */ = {
			isa = PBXGroup;
			children = (
				EAB1027D2A8D8D46002E4425 /* WeatherResponse.swift */,
			);
			path = Model;
			sourceTree = "<group>";
		};
		EAB102772A8D8A89002E4425 /* Repository */ = {
			isa = PBXGroup;
			children = (
				EAB102782A8D8A98002E4425 /* Repository.swift */,
				EAB1027F2A8D92D4002E4425 /* RepositoryMock.swift */,
				EAB102832A8D93E7002E4425 /* WeatherResponse.json */,
			);
			path = Repository;
			sourceTree = "<group>";
		};
		EAB1027A2A8D8B0C002E4425 /* Utils */ = {
			isa = PBXGroup;
			children = (
				EAB1027B2A8D8B19002E4425 /* EndPoints.swift */,
				EAB102872A8DC726002E4425 /* Int+Extensions.swift */,
			);
			path = Utils;
			sourceTree = "<group>";
		};
/* End PBXGroup section */

/* Begin PBXNativeTarget section */
		EAB1025C2A8D882C002E4425 /* VirtusaWeather */ = {
			isa = PBXNativeTarget;
			buildConfigurationList = EAB1026B2A8D882C002E4425 /* Build configuration list for PBXNativeTarget "VirtusaWeather" */;
			buildPhases = (
				EAB102592A8D882C002E4425 /* Sources */,
				EAB1025A2A8D882C002E4425 /* Frameworks */,
				EAB1025B2A8D882C002E4425 /* Resources */,
			);
			buildRules = (
			);
			dependencies = (
			);
			name = VirtusaWeather;
			productName = VirtusaWeather;
			productReference = EAB1025D2A8D882C002E4425 /* VirtusaWeather.app */;
			productType = "com.apple.product-type.application";
		};
/* End PBXNativeTarget section */

/* Begin PBXProject section */
		EAB102552A8D882C002E4425 /* Project object */ = {
			isa = PBXProject;
			attributes = {
				BuildIndependentTargetsInParallel = 1;
				LastSwiftUpdateCheck = 1430;
				LastUpgradeCheck = 1430;
				TargetAttributes = {
					EAB1025C2A8D882C002E4425 = {
						CreatedOnToolsVersion = 14.3.1;
					};
				};
			};
			buildConfigurationList = EAB102582A8D882C002E4425 /* Build configuration list for PBXProject "VirtusaWeather" */;
			compatibilityVersion = "Xcode 14.0";
			developmentRegion = en;
			hasScannedForEncodings = 0;
			knownRegions = (
				en,
				Base,
			);
			mainGroup = EAB102542A8D882C002E4425;
			productRefGroup = EAB1025E2A8D882C002E4425 /* Products */;
			projectDirPath = "";
			projectRoot = "";
			targets = (
				EAB1025C2A8D882C002E4425 /* VirtusaWeather */,
			);
		};
/* End PBXProject section */

/* Begin PBXResourcesBuildPhase section */
		EAB1025B2A8D882C002E4425 /* Resources */ = {
			isa = PBXResourcesBuildPhase;
			buildActionMask = 2147483647;
			files = (
				EAB102682A8D882C002E4425 /* Preview Assets.xcassets in Resources */,
				EAB102842A8D93E7002E4425 /* WeatherResponse.json in Resources */,
				EAB102652A8D882C002E4425 /* Assets.xcassets in Resources */,
			);
			runOnlyForDeploymentPostprocessing = 0;
		};
/* End PBXResourcesBuildPhase section */

/* Begin PBXSourcesBuildPhase section */
		EAB102592A8D882C002E4425 /* Sources */ = {
			isa = PBXSourcesBuildPhase;
			buildActionMask = 2147483647;
			files = (
				EAB102862A8D9872002E4425 /* WeatherRowViewModel.swift in Sources */,
				EAB102612A8D882C002E4425 /* VirtusaWeatherApp.swift in Sources */,
				EAB1027C2A8D8B19002E4425 /* EndPoints.swift in Sources */,
				EAB1028A2A8DCBBF002E4425 /* WeatherDataViewModel.swift in Sources */,
				EAB102762A8D8A80002E4425 /* WeatherViewModel.swift in Sources */,
				EAB102882A8DC726002E4425 /* Int+Extensions.swift in Sources */,
				EAB102712A8D8874002E4425 /* WeatherView.swift in Sources */,
				EAB102802A8D92D4002E4425 /* RepositoryMock.swift in Sources */,
				EAB1027E2A8D8D46002E4425 /* WeatherResponse.swift in Sources */,
				EAB102792A8D8A98002E4425 /* Repository.swift in Sources */,
			);
			runOnlyForDeploymentPostprocessing = 0;
		};
/* End PBXSourcesBuildPhase section */

/* Begin XCBuildConfiguration section */
		EAB102692A8D882C002E4425 /* Debug */ = {
			isa = XCBuildConfiguration;
			buildSettings = {
				ALWAYS_SEARCH_USER_PATHS = NO;
				CLANG_ANALYZER_NONNULL = YES;
				CLANG_ANALYZER_NUMBER_OBJECT_CONVERSION = YES_AGGRESSIVE;
				CLANG_CXX_LANGUAGE_STANDARD = "gnu++20";
				CLANG_ENABLE_MODULES = YES;
				CLANG_ENABLE_OBJC_ARC = YES;
				CLANG_ENABLE_OBJC_WEAK = YES;
				CLANG_WARN_BLOCK_CAPTURE_AUTORELEASING = YES;
				CLANG_WARN_BOOL_CONVERSION = YES;
				CLANG_WARN_COMMA = YES;
				CLANG_WARN_CONSTANT_CONVERSION = YES;
				CLANG_WARN_DEPRECATED_OBJC_IMPLEMENTATIONS = YES;
				CLANG_WARN_DIRECT_OBJC_ISA_USAGE = YES_ERROR;
				CLANG_WARN_DOCUMENTATION_COMMENTS = YES;
				CLANG_WARN_EMPTY_BODY = YES;
				CLANG_WARN_ENUM_CONVERSION = YES;
				CLANG_WARN_INFINITE_RECURSION = YES;
				CLANG_WARN_INT_CONVERSION = YES;
				CLANG_WARN_NON_LITERAL_NULL_CONVERSION = YES;
				CLANG_WARN_OBJC_IMPLICIT_RETAIN_SELF = YES;
				CLANG_WARN_OBJC_LITERAL_CONVERSION = YES;
				CLANG_WARN_OBJC_ROOT_CLASS = YES_ERROR;
				CLANG_WARN_QUOTED_INCLUDE_IN_FRAMEWORK_HEADER = YES;
				CLANG_WARN_RANGE_LOOP_ANALYSIS = YES;
				CLANG_WARN_STRICT_PROTOTYPES = YES;
				CLANG_WARN_SUSPICIOUS_MOVE = YES;
				CLANG_WARN_UNGUARDED_AVAILABILITY = YES_AGGRESSIVE;
				CLANG_WARN_UNREACHABLE_CODE = YES;
				CLANG_WARN__DUPLICATE_METHOD_MATCH = YES;
				COPY_PHASE_STRIP = NO;
				DEBUG_INFORMATION_FORMAT = dwarf;
				ENABLE_STRICT_OBJC_MSGSEND = YES;
				ENABLE_TESTABILITY = YES;
				GCC_C_LANGUAGE_STANDARD = gnu11;
				GCC_DYNAMIC_NO_PIC = NO;
				GCC_NO_COMMON_BLOCKS = YES;
				GCC_OPTIMIZATION_LEVEL = 0;
				GCC_PREPROCESSOR_DEFINITIONS = (
					"DEBUG=1",
					"$(inherited)",
				);
				GCC_WARN_64_TO_32_BIT_CONVERSION = YES;
				GCC_WARN_ABOUT_RETURN_TYPE = YES_ERROR;
				GCC_WARN_UNDECLARED_SELECTOR = YES;
				GCC_WARN_UNINITIALIZED_AUTOS = YES_AGGRESSIVE;
				GCC_WARN_UNUSED_FUNCTION = YES;
				GCC_WARN_UNUSED_VARIABLE = YES;
				IPHONEOS_DEPLOYMENT_TARGET = 16.4;
				MTL_ENABLE_DEBUG_INFO = INCLUDE_SOURCE;
				MTL_FAST_MATH = YES;
				ONLY_ACTIVE_ARCH = YES;
				SDKROOT = iphoneos;
				SWIFT_ACTIVE_COMPILATION_CONDITIONS = DEBUG;
				SWIFT_OPTIMIZATION_LEVEL = "-Onone";
			};
			name = Debug;
		};
		EAB1026A2A8D882C002E4425 /* Release */ = {
			isa = XCBuildConfiguration;
			buildSettings = {
				ALWAYS_SEARCH_USER_PATHS = NO;
				CLANG_ANALYZER_NONNULL = YES;
				CLANG_ANALYZER_NUMBER_OBJECT_CONVERSION = YES_AGGRESSIVE;
				CLANG_CXX_LANGUAGE_STANDARD = "gnu++20";
				CLANG_ENABLE_MODULES = YES;
				CLANG_ENABLE_OBJC_ARC = YES;
				CLANG_ENABLE_OBJC_WEAK = YES;
				CLANG_WARN_BLOCK_CAPTURE_AUTORELEASING = YES;
				CLANG_WARN_BOOL_CONVERSION = YES;
				CLANG_WARN_COMMA = YES;
				CLANG_WARN_CONSTANT_CONVERSION = YES;
				CLANG_WARN_DEPRECATED_OBJC_IMPLEMENTATIONS = YES;
				CLANG_WARN_DIRECT_OBJC_ISA_USAGE = YES_ERROR;
				CLANG_WARN_DOCUMENTATION_COMMENTS = YES;
				CLANG_WARN_EMPTY_BODY = YES;
				CLANG_WARN_ENUM_CONVERSION = YES;
				CLANG_WARN_INFINITE_RECURSION = YES;
				CLANG_WARN_INT_CONVERSION = YES;
				CLANG_WARN_NON_LITERAL_NULL_CONVERSION = YES;
				CLANG_WARN_OBJC_IMPLICIT_RETAIN_SELF = YES;
				CLANG_WARN_OBJC_LITERAL_CONVERSION = YES;
				CLANG_WARN_OBJC_ROOT_CLASS = YES_ERROR;
				CLANG_WARN_QUOTED_INCLUDE_IN_FRAMEWORK_HEADER = YES;
				CLANG_WARN_RANGE_LOOP_ANALYSIS = YES;
				CLANG_WARN_STRICT_PROTOTYPES = YES;
				CLANG_WARN_SUSPICIOUS_MOVE = YES;
				CLANG_WARN_UNGUARDED_AVAILABILITY = YES_AGGRESSIVE;
				CLANG_WARN_UNREACHABLE_CODE = YES;
				CLANG_WARN__DUPLICATE_METHOD_MATCH = YES;
				COPY_PHASE_STRIP = NO;
				DEBUG_INFORMATION_FORMAT = "dwarf-with-dsym";
				ENABLE_NS_ASSERTIONS = NO;
				ENABLE_STRICT_OBJC_MSGSEND = YES;
				GCC_C_LANGUAGE_STANDARD = gnu11;
				GCC_NO_COMMON_BLOCKS = YES;
				GCC_WARN_64_TO_32_BIT_CONVERSION = YES;
				GCC_WARN_ABOUT_RETURN_TYPE = YES_ERROR;
				GCC_WARN_UNDECLARED_SELECTOR = YES;
				GCC_WARN_UNINITIALIZED_AUTOS = YES_AGGRESSIVE;
				GCC_WARN_UNUSED_FUNCTION = YES;
				GCC_WARN_UNUSED_VARIABLE = YES;
				IPHONEOS_DEPLOYMENT_TARGET = 16.4;
				MTL_ENABLE_DEBUG_INFO = NO;
				MTL_FAST_MATH = YES;
				SDKROOT = iphoneos;
				SWIFT_COMPILATION_MODE = wholemodule;
				SWIFT_OPTIMIZATION_LEVEL = "-O";
				VALIDATE_PRODUCT = YES;
			};
			name = Release;
		};
		EAB1026C2A8D882C002E4425 /* Debug */ = {
			isa = XCBuildConfiguration;
			buildSettings = {
				ASSETCATALOG_COMPILER_APPICON_NAME = AppIcon;
				ASSETCATALOG_COMPILER_GLOBAL_ACCENT_COLOR_NAME = AccentColor;
				CODE_SIGN_STYLE = Automatic;
				CURRENT_PROJECT_VERSION = 1;
				DEVELOPMENT_ASSET_PATHS = "\"VirtusaWeather/Preview Content\"";
				ENABLE_PREVIEWS = YES;
				GENERATE_INFOPLIST_FILE = YES;
				INFOPLIST_KEY_UIApplicationSceneManifest_Generation = YES;
				INFOPLIST_KEY_UIApplicationSupportsIndirectInputEvents = YES;
				INFOPLIST_KEY_UILaunchScreen_Generation = YES;
				INFOPLIST_KEY_UISupportedInterfaceOrientations_iPad = "UIInterfaceOrientationPortrait UIInterfaceOrientationPortraitUpsideDown UIInterfaceOrientationLandscapeLeft UIInterfaceOrientationLandscapeRight";
				INFOPLIST_KEY_UISupportedInterfaceOrientations_iPhone = "UIInterfaceOrientationPortrait UIInterfaceOrientationLandscapeLeft UIInterfaceOrientationLandscapeRight";
				LD_RUNPATH_SEARCH_PATHS = (
					"$(inherited)",
					"@executable_path/Frameworks",
				);
				MARKETING_VERSION = 1.0;
				PRODUCT_BUNDLE_IDENTIFIER = mx.ipn.com.VirtusaWeather;
				PRODUCT_NAME = "$(TARGET_NAME)";
				SWIFT_EMIT_LOC_STRINGS = YES;
				SWIFT_VERSION = 5.0;
				TARGETED_DEVICE_FAMILY = "1,2";
			};
			name = Debug;
		};
		EAB1026D2A8D882C002E4425 /* Release */ = {
			isa = XCBuildConfiguration;
			buildSettings = {
				ASSETCATALOG_COMPILER_APPICON_NAME = AppIcon;
				ASSETCATALOG_COMPILER_GLOBAL_ACCENT_COLOR_NAME = AccentColor;
				CODE_SIGN_STYLE = Automatic;
				CURRENT_PROJECT_VERSION = 1;
				DEVELOPMENT_ASSET_PATHS = "\"VirtusaWeather/Preview Content\"";
				ENABLE_PREVIEWS = YES;
				GENERATE_INFOPLIST_FILE = YES;
				INFOPLIST_KEY_UIApplicationSceneManifest_Generation = YES;
				INFOPLIST_KEY_UIApplicationSupportsIndirectInputEvents = YES;
				INFOPLIST_KEY_UILaunchScreen_Generation = YES;
				INFOPLIST_KEY_UISupportedInterfaceOrientations_iPad = "UIInterfaceOrientationPortrait UIInterfaceOrientationPortraitUpsideDown UIInterfaceOrientationLandscapeLeft UIInterfaceOrientationLandscapeRight";
				INFOPLIST_KEY_UISupportedInterfaceOrientations_iPhone = "UIInterfaceOrientationPortrait UIInterfaceOrientationLandscapeLeft UIInterfaceOrientationLandscapeRight";
				LD_RUNPATH_SEARCH_PATHS = (
					"$(inherited)",
					"@executable_path/Frameworks",
				);
				MARKETING_VERSION = 1.0;
				PRODUCT_BUNDLE_IDENTIFIER = mx.ipn.com.VirtusaWeather;
				PRODUCT_NAME = "$(TARGET_NAME)";
				SWIFT_EMIT_LOC_STRINGS = YES;
				SWIFT_VERSION = 5.0;
				TARGETED_DEVICE_FAMILY = "1,2";
			};
			name = Release;
		};
/* End XCBuildConfiguration section */

/* Begin XCConfigurationList section */
		EAB102582A8D882C002E4425 /* Build configuration list for PBXProject "VirtusaWeather" */ = {
			isa = XCConfigurationList;
			buildConfigurations = (
				EAB102692A8D882C002E4425 /* Debug */,
				EAB1026A2A8D882C002E4425 /* Release */,
			);
			defaultConfigurationIsVisible = 0;
			defaultConfigurationName = Release;
		};
		EAB1026B2A8D882C002E4425 /* Build configuration list for PBXNativeTarget "VirtusaWeather" */ = {
			isa = XCConfigurationList;
			buildConfigurations = (
				EAB1026C2A8D882C002E4425 /* Debug */,
				EAB1026D2A8D882C002E4425 /* Release */,
			);
			defaultConfigurationIsVisible = 0;
			defaultConfigurationName = Release;
		};
/* End XCConfigurationList section */
	};
	rootObject = EAB102552A8D882C002E4425 /* Project object */;
}
